
Microsoft Visual Studio Solution File, Format Version 12.00
# Visual Studio Version 16
VisualStudioVersion = 16.0.29613.14
MinimumVisualStudioVersion = 10.0.40219.1
Project("{9A19103F-16F7-4668-BE54-9A1E7A4F7556}") = "Whiteboard7", "Whiteboard7\Whiteboard7.csproj", "{2900A16E-71A2-454A-AABE-BAC563D37500}"
EndProject
Project("{9A19103F-16F7-4668-BE54-9A1E7A4F7556}") = "PyramidBrickCount", "PyramidBrickCount\PyramidBrickCount.csproj", "{8E3CA458-D8B7-4FAE-AEDB-4E421373B0C5}"
EndProject
Project("{9A19103F-16F7-4668-BE54-9A1E7A4F7556}") = "SumOfOdds", "SumOfOdds\SumOfOdds.csproj", "{19E3C842-B40D-4B2C-A386-EE9AC070E0E6}"
EndProject
Project("{9A19103F-16F7-4668-BE54-9A1E7A4F7556}") = "pi", "pi\pi.csproj", "{EFC5CDC0-B2DF-45E2-AB2A-BC8D42A3B647}"
EndProject
Project("{9A19103F-16F7-4668-BE54-9A1E7A4F7556}") = "tuition", "tuition\tuition.csproj", "{AD7989B6-1DA7-4170-84E1-B0A0F9E8C9EB}"
EndProject
Project("{9A19103F-16F7-4668-BE54-9A1E7A4F7556}") = "ReverseString", "ReverseString\ReverseString.csproj", "{F3CB7CEF-2472-487D-87F3-313FFAF12B47}"
EndProject
Project("{9A19103F-16F7-4668-BE54-9A1E7A4F7556}") = "ReverseStringTest", "ReverseStringTest\ReverseStringTest.csproj", "{595E0AD0-A0A2-40D5-9E86-97EF8E2F5FBE}"
EndProject
Project("{9A19103F-16F7-4668-BE54-9A1E7A4F7556}") = "CharacterPosition", "CharacterPosition\CharacterPosition.csproj", "{1F6B3794-23A2-4F2D-9E55-7505399C32CB}"
EndProject
Project("{9A19103F-16F7-4668-BE54-9A1E7A4F7556}") = "CharacterPositionTest", "CharacterPositionTest\CharacterPositionTest.csproj", "{B63EE835-2F7D-410E-A1D4-CCD4D4EFCBDF}"
EndProject
Project("{9A19103F-16F7-4668-BE54-9A1E7A4F7556}") = "PalindromeLib", "PalindromeLib\PalindromeLib.csproj", "{043A6D63-BB44-4C4A-AB59-241C68383527}"
EndProject
Project("{9A19103F-16F7-4668-BE54-9A1E7A4F7556}") = "PalindromeTest", "PalindromeTest\PalindromeTest.csproj", "{1F0FE4CF-966A-4068-9B39-C9D8A275E1FB}"
EndProject
Project("{9A19103F-16F7-4668-BE54-9A1E7A4F7556}") = "PyramidBrickCountTest", "PyramidBrickCountTest\PyramidBrickCountTest.csproj", "{BB480B21-D036-4F7E-91C1-5D3DBB3360E3}"
EndProject
Project("{9A19103F-16F7-4668-BE54-9A1E7A4F7556}") = "IsPrime", "IsPrime\IsPrime.csproj", "{1D365244-1187-4948-9CBA-D069A1CC6197}"
EndProject
Project("{9A19103F-16F7-4668-BE54-9A1E7A4F7556}") = "SumOfPrime", "SumOfPrime\SumOfPrime.csproj", "{C09EBABB-A3F2-40A6-AD75-0355142334FA}"
EndProject
Project("{9A19103F-16F7-4668-BE54-9A1E7A4F7556}") = "GetJulianDate", "GetJulianDate\GetJulianDate.csproj", "{DD318006-304F-41B8-B1C5-5D43A586A113}"
EndProject
Project("{9A19103F-16F7-4668-BE54-9A1E7A4F7556}") = "GetJulianTest", "GetJulianTest\GetJulianTest.csproj", "{9F176A5B-EB25-4BAD-AF3A-C978762DFAEC}"
EndProject
Project("{9A19103F-16F7-4668-BE54-9A1E7A4F7556}") = "AlphabetizeString", "AlphabetizeString\AlphabetizeString.csproj", "{281D0A89-9BF9-4B3F-B28E-D96575393C4F}"
EndProject
Project("{9A19103F-16F7-4668-BE54-9A1E7A4F7556}") = "DistinctCountArray", "DistinctCountArray\DistinctCountArray.csproj", "{F005F719-7AE2-42F8-8743-78DA9FB7E6EE}"
EndProject
Project("{9A19103F-16F7-4668-BE54-9A1E7A4F7556}") = "ReverseInt", "ReverseInt\ReverseInt.csproj", "{33F2ED3D-BD5C-4675-B62C-2F4EC2C5A2F6}"
EndProject
Project("{9A19103F-16F7-4668-BE54-9A1E7A4F7556}") = "SortingArray", "SortingArray\SortingArray.csproj", "{D3D862A3-9515-4896-B14C-BD2F58E35A17}"
EndProject
Project("{9A19103F-16F7-4668-BE54-9A1E7A4F7556}") = "SumOfPrimeTest", "SumOfPrimeTest\SumOfPrimeTest.csproj", "{1C97B364-884B-417C-9F9E-6DB5FE379C5F}"
EndProject
Project("{9A19103F-16F7-4668-BE54-9A1E7A4F7556}") = "ClockAngle", "ClockAngle\ClockAngle.csproj", "{820E7AB1-1F59-4427-BBBB-13A66E00930E}"
EndProject
Project("{9A19103F-16F7-4668-BE54-9A1E7A4F7556}") = "CountCapitalLetters", "CountCapitalLetters\CountCapitalLetters.csproj", "{E6CAB390-35F5-4783-B56A-E0D211127AD6}"
EndProject
Project("{9A19103F-16F7-4668-BE54-9A1E7A4F7556}") = "CountCapitalLettersTest", "CountCapitalLettersTest\CountCapitalLettersTest.csproj", "{D7364190-41C1-433A-BC0D-8B0B9069CAC0}"
EndProject
Project("{9A19103F-16F7-4668-BE54-9A1E7A4F7556}") = "CountChar", "CountChar\CountChar.csproj", "{7C6EBA45-3E81-423F-B1BE-CD195451CD95}"
EndProject
Project("{9A19103F-16F7-4668-BE54-9A1E7A4F7556}") = "CountCharTest", "CountCharTest\CountCharTest.csproj", "{B4C30D34-2C56-4358-8F31-4B5522355964}"
EndProject
Project("{9A19103F-16F7-4668-BE54-9A1E7A4F7556}") = "SumArray", "SumArray\SumArray.csproj", "{F5EA365C-7F94-4486-B963-D98B9E161A10}"
EndProject
Project("{9A19103F-16F7-4668-BE54-9A1E7A4F7556}") = "SumArrayTest", "SumArrayTest\SumArrayTest.csproj", "{8C8C2E5B-9335-478C-82BF-B7CA76BA26B3}"
EndProject
Project("{FAE04EC0-301F-11D3-BF4B-00C04F79EFBC}") = "Scrable", "Scrable\Scrable.csproj", "{134A3CEB-FD4B-4D71-99F7-302BCD8CD462}"
EndProject
Global
	GlobalSection(SolutionConfigurationPlatforms) = preSolution
		Debug|Any CPU = Debug|Any CPU
		Release|Any CPU = Release|Any CPU
	EndGlobalSection
	GlobalSection(ProjectConfigurationPlatforms) = postSolution
		{2900A16E-71A2-454A-AABE-BAC563D37500}.Debug|Any CPU.ActiveCfg = Debug|Any CPU
		{2900A16E-71A2-454A-AABE-BAC563D37500}.Debug|Any CPU.Build.0 = Debug|Any CPU
		{2900A16E-71A2-454A-AABE-BAC563D37500}.Release|Any CPU.ActiveCfg = Release|Any CPU
		{2900A16E-71A2-454A-AABE-BAC563D37500}.Release|Any CPU.Build.0 = Release|Any CPU
		{8E3CA458-D8B7-4FAE-AEDB-4E421373B0C5}.Debug|Any CPU.ActiveCfg = Debug|Any CPU
		{8E3CA458-D8B7-4FAE-AEDB-4E421373B0C5}.Debug|Any CPU.Build.0 = Debug|Any CPU
		{8E3CA458-D8B7-4FAE-AEDB-4E421373B0C5}.Release|Any CPU.ActiveCfg = Release|Any CPU
		{8E3CA458-D8B7-4FAE-AEDB-4E421373B0C5}.Release|Any CPU.Build.0 = Release|Any CPU
		{19E3C842-B40D-4B2C-A386-EE9AC070E0E6}.Debug|Any CPU.ActiveCfg = Debug|Any CPU
		{19E3C842-B40D-4B2C-A386-EE9AC070E0E6}.Debug|Any CPU.Build.0 = Debug|Any CPU
		{19E3C842-B40D-4B2C-A386-EE9AC070E0E6}.Release|Any CPU.ActiveCfg = Release|Any CPU
		{19E3C842-B40D-4B2C-A386-EE9AC070E0E6}.Release|Any CPU.Build.0 = Release|Any CPU
		{EFC5CDC0-B2DF-45E2-AB2A-BC8D42A3B647}.Debug|Any CPU.ActiveCfg = Debug|Any CPU
		{EFC5CDC0-B2DF-45E2-AB2A-BC8D42A3B647}.Debug|Any CPU.Build.0 = Debug|Any CPU
		{EFC5CDC0-B2DF-45E2-AB2A-BC8D42A3B647}.Release|Any CPU.ActiveCfg = Release|Any CPU
		{EFC5CDC0-B2DF-45E2-AB2A-BC8D42A3B647}.Release|Any CPU.Build.0 = Release|Any CPU
		{AD7989B6-1DA7-4170-84E1-B0A0F9E8C9EB}.Debug|Any CPU.ActiveCfg = Debug|Any CPU
		{AD7989B6-1DA7-4170-84E1-B0A0F9E8C9EB}.Debug|Any CPU.Build.0 = Debug|Any CPU
		{AD7989B6-1DA7-4170-84E1-B0A0F9E8C9EB}.Release|Any CPU.ActiveCfg = Release|Any CPU
		{AD7989B6-1DA7-4170-84E1-B0A0F9E8C9EB}.Release|Any CPU.Build.0 = Release|Any CPU
		{F3CB7CEF-2472-487D-87F3-313FFAF12B47}.Debug|Any CPU.ActiveCfg = Debug|Any CPU
		{F3CB7CEF-2472-487D-87F3-313FFAF12B47}.Debug|Any CPU.Build.0 = Debug|Any CPU
		{F3CB7CEF-2472-487D-87F3-313FFAF12B47}.Release|Any CPU.ActiveCfg = Release|Any CPU
		{F3CB7CEF-2472-487D-87F3-313FFAF12B47}.Release|Any CPU.Build.0 = Release|Any CPU
		{595E0AD0-A0A2-40D5-9E86-97EF8E2F5FBE}.Debug|Any CPU.ActiveCfg = Debug|Any CPU
		{595E0AD0-A0A2-40D5-9E86-97EF8E2F5FBE}.Debug|Any CPU.Build.0 = Debug|Any CPU
		{595E0AD0-A0A2-40D5-9E86-97EF8E2F5FBE}.Release|Any CPU.ActiveCfg = Release|Any CPU
		{595E0AD0-A0A2-40D5-9E86-97EF8E2F5FBE}.Release|Any CPU.Build.0 = Release|Any CPU
		{1F6B3794-23A2-4F2D-9E55-7505399C32CB}.Debug|Any CPU.ActiveCfg = Debug|Any CPU
		{1F6B3794-23A2-4F2D-9E55-7505399C32CB}.Debug|Any CPU.Build.0 = Debug|Any CPU
		{1F6B3794-23A2-4F2D-9E55-7505399C32CB}.Release|Any CPU.ActiveCfg = Release|Any CPU
		{1F6B3794-23A2-4F2D-9E55-7505399C32CB}.Release|Any CPU.Build.0 = Release|Any CPU
		{B63EE835-2F7D-410E-A1D4-CCD4D4EFCBDF}.Debug|Any CPU.ActiveCfg = Debug|Any CPU
		{B63EE835-2F7D-410E-A1D4-CCD4D4EFCBDF}.Debug|Any CPU.Build.0 = Debug|Any CPU
		{B63EE835-2F7D-410E-A1D4-CCD4D4EFCBDF}.Release|Any CPU.ActiveCfg = Release|Any CPU
		{B63EE835-2F7D-410E-A1D4-CCD4D4EFCBDF}.Release|Any CPU.Build.0 = Release|Any CPU
		{043A6D63-BB44-4C4A-AB59-241C68383527}.Debug|Any CPU.ActiveCfg = Debug|Any CPU
		{043A6D63-BB44-4C4A-AB59-241C68383527}.Debug|Any CPU.Build.0 = Debug|Any CPU
		{043A6D63-BB44-4C4A-AB59-241C68383527}.Release|Any CPU.ActiveCfg = Release|Any CPU
		{043A6D63-BB44-4C4A-AB59-241C68383527}.Release|Any CPU.Build.0 = Release|Any CPU
		{1F0FE4CF-966A-4068-9B39-C9D8A275E1FB}.Debug|Any CPU.ActiveCfg = Debug|Any CPU
		{1F0FE4CF-966A-4068-9B39-C9D8A275E1FB}.Debug|Any CPU.Build.0 = Debug|Any CPU
		{1F0FE4CF-966A-4068-9B39-C9D8A275E1FB}.Release|Any CPU.ActiveCfg = Release|Any CPU
		{1F0FE4CF-966A-4068-9B39-C9D8A275E1FB}.Release|Any CPU.Build.0 = Release|Any CPU
		{BB480B21-D036-4F7E-91C1-5D3DBB3360E3}.Debug|Any CPU.ActiveCfg = Debug|Any CPU
		{BB480B21-D036-4F7E-91C1-5D3DBB3360E3}.Debug|Any CPU.Build.0 = Debug|Any CPU
		{BB480B21-D036-4F7E-91C1-5D3DBB3360E3}.Release|Any CPU.ActiveCfg = Release|Any CPU
		{BB480B21-D036-4F7E-91C1-5D3DBB3360E3}.Release|Any CPU.Build.0 = Release|Any CPU
		{1D365244-1187-4948-9CBA-D069A1CC6197}.Debug|Any CPU.ActiveCfg = Debug|Any CPU
		{1D365244-1187-4948-9CBA-D069A1CC6197}.Debug|Any CPU.Build.0 = Debug|Any CPU
		{1D365244-1187-4948-9CBA-D069A1CC6197}.Release|Any CPU.ActiveCfg = Release|Any CPU
		{1D365244-1187-4948-9CBA-D069A1CC6197}.Release|Any CPU.Build.0 = Release|Any CPU
		{C09EBABB-A3F2-40A6-AD75-0355142334FA}.Debug|Any CPU.ActiveCfg = Debug|Any CPU
		{C09EBABB-A3F2-40A6-AD75-0355142334FA}.Debug|Any CPU.Build.0 = Debug|Any CPU
		{C09EBABB-A3F2-40A6-AD75-0355142334FA}.Release|Any CPU.ActiveCfg = Release|Any CPU
		{C09EBABB-A3F2-40A6-AD75-0355142334FA}.Release|Any CPU.Build.0 = Release|Any CPU
		{DD318006-304F-41B8-B1C5-5D43A586A113}.Debug|Any CPU.ActiveCfg = Debug|Any CPU
		{DD318006-304F-41B8-B1C5-5D43A586A113}.Debug|Any CPU.Build.0 = Debug|Any CPU
		{DD318006-304F-41B8-B1C5-5D43A586A113}.Release|Any CPU.ActiveCfg = Release|Any CPU
		{DD318006-304F-41B8-B1C5-5D43A586A113}.Release|Any CPU.Build.0 = Release|Any CPU
		{9F176A5B-EB25-4BAD-AF3A-C978762DFAEC}.Debug|Any CPU.ActiveCfg = Debug|Any CPU
		{9F176A5B-EB25-4BAD-AF3A-C978762DFAEC}.Debug|Any CPU.Build.0 = Debug|Any CPU
		{9F176A5B-EB25-4BAD-AF3A-C978762DFAEC}.Release|Any CPU.ActiveCfg = Release|Any CPU
		{9F176A5B-EB25-4BAD-AF3A-C978762DFAEC}.Release|Any CPU.Build.0 = Release|Any CPU
		{281D0A89-9BF9-4B3F-B28E-D96575393C4F}.Debug|Any CPU.ActiveCfg = Debug|Any CPU
		{281D0A89-9BF9-4B3F-B28E-D96575393C4F}.Debug|Any CPU.Build.0 = Debug|Any CPU
		{281D0A89-9BF9-4B3F-B28E-D96575393C4F}.Release|Any CPU.ActiveCfg = Release|Any CPU
		{281D0A89-9BF9-4B3F-B28E-D96575393C4F}.Release|Any CPU.Build.0 = Release|Any CPU
		{F005F719-7AE2-42F8-8743-78DA9FB7E6EE}.Debug|Any CPU.ActiveCfg = Debug|Any CPU
		{F005F719-7AE2-42F8-8743-78DA9FB7E6EE}.Debug|Any CPU.Build.0 = Debug|Any CPU
		{F005F719-7AE2-42F8-8743-78DA9FB7E6EE}.Release|Any CPU.ActiveCfg = Release|Any CPU
		{F005F719-7AE2-42F8-8743-78DA9FB7E6EE}.Release|Any CPU.Build.0 = Release|Any CPU
		{33F2ED3D-BD5C-4675-B62C-2F4EC2C5A2F6}.Debug|Any CPU.ActiveCfg = Debug|Any CPU
		{33F2ED3D-BD5C-4675-B62C-2F4EC2C5A2F6}.Debug|Any CPU.Build.0 = Debug|Any CPU
		{33F2ED3D-BD5C-4675-B62C-2F4EC2C5A2F6}.Release|Any CPU.ActiveCfg = Release|Any CPU
		{33F2ED3D-BD5C-4675-B62C-2F4EC2C5A2F6}.Release|Any CPU.Build.0 = Release|Any CPU
		{D3D862A3-9515-4896-B14C-BD2F58E35A17}.Debug|Any CPU.ActiveCfg = Debug|Any CPU
		{D3D862A3-9515-4896-B14C-BD2F58E35A17}.Debug|Any CPU.Build.0 = Debug|Any CPU
		{D3D862A3-9515-4896-B14C-BD2F58E35A17}.Release|Any CPU.ActiveCfg = Release|Any CPU
		{D3D862A3-9515-4896-B14C-BD2F58E35A17}.Release|Any CPU.Build.0 = Release|Any CPU
		{1C97B364-884B-417C-9F9E-6DB5FE379C5F}.Debug|Any CPU.ActiveCfg = Debug|Any CPU
		{1C97B364-884B-417C-9F9E-6DB5FE379C5F}.Debug|Any CPU.Build.0 = Debug|Any CPU
		{1C97B364-884B-417C-9F9E-6DB5FE379C5F}.Release|Any CPU.ActiveCfg = Release|Any CPU
		{1C97B364-884B-417C-9F9E-6DB5FE379C5F}.Release|Any CPU.Build.0 = Release|Any CPU
		{820E7AB1-1F59-4427-BBBB-13A66E00930E}.Debug|Any CPU.ActiveCfg = Debug|Any CPU
		{820E7AB1-1F59-4427-BBBB-13A66E00930E}.Debug|Any CPU.Build.0 = Debug|Any CPU
		{820E7AB1-1F59-4427-BBBB-13A66E00930E}.Release|Any CPU.ActiveCfg = Release|Any CPU
		{820E7AB1-1F59-4427-BBBB-13A66E00930E}.Release|Any CPU.Build.0 = Release|Any CPU
		{E6CAB390-35F5-4783-B56A-E0D211127AD6}.Debug|Any CPU.ActiveCfg = Debug|Any CPU
		{E6CAB390-35F5-4783-B56A-E0D211127AD6}.Debug|Any CPU.Build.0 = Debug|Any CPU
		{E6CAB390-35F5-4783-B56A-E0D211127AD6}.Release|Any CPU.ActiveCfg = Release|Any CPU
		{E6CAB390-35F5-4783-B56A-E0D211127AD6}.Release|Any CPU.Build.0 = Release|Any CPU
		{D7364190-41C1-433A-BC0D-8B0B9069CAC0}.Debug|Any CPU.ActiveCfg = Debug|Any CPU
		{D7364190-41C1-433A-BC0D-8B0B9069CAC0}.Debug|Any CPU.Build.0 = Debug|Any CPU
		{D7364190-41C1-433A-BC0D-8B0B9069CAC0}.Release|Any CPU.ActiveCfg = Release|Any CPU
		{D7364190-41C1-433A-BC0D-8B0B9069CAC0}.Release|Any CPU.Build.0 = Release|Any CPU
		{7C6EBA45-3E81-423F-B1BE-CD195451CD95}.Debug|Any CPU.ActiveCfg = Debug|Any CPU
		{7C6EBA45-3E81-423F-B1BE-CD195451CD95}.Debug|Any CPU.Build.0 = Debug|Any CPU
		{7C6EBA45-3E81-423F-B1BE-CD195451CD95}.Release|Any CPU.ActiveCfg = Release|Any CPU
		{7C6EBA45-3E81-423F-B1BE-CD195451CD95}.Release|Any CPU.Build.0 = Release|Any CPU
		{B4C30D34-2C56-4358-8F31-4B5522355964}.Debug|Any CPU.ActiveCfg = Debug|Any CPU
		{B4C30D34-2C56-4358-8F31-4B5522355964}.Debug|Any CPU.Build.0 = Debug|Any CPU
		{B4C30D34-2C56-4358-8F31-4B5522355964}.Release|Any CPU.ActiveCfg = Release|Any CPU
		{B4C30D34-2C56-4358-8F31-4B5522355964}.Release|Any CPU.Build.0 = Release|Any CPU
		{F5EA365C-7F94-4486-B963-D98B9E161A10}.Debug|Any CPU.ActiveCfg = Debug|Any CPU
		{F5EA365C-7F94-4486-B963-D98B9E161A10}.Debug|Any CPU.Build.0 = Debug|Any CPU
		{F5EA365C-7F94-4486-B963-D98B9E161A10}.Release|Any CPU.ActiveCfg = Release|Any CPU
		{F5EA365C-7F94-4486-B963-D98B9E161A10}.Release|Any CPU.Build.0 = Release|Any CPU
		{8C8C2E5B-9335-478C-82BF-B7CA76BA26B3}.Debug|Any CPU.ActiveCfg = Debug|Any CPU
		{8C8C2E5B-9335-478C-82BF-B7CA76BA26B3}.Debug|Any CPU.Build.0 = Debug|Any CPU
		{8C8C2E5B-9335-478C-82BF-B7CA76BA26B3}.Release|Any CPU.ActiveCfg = Release|Any CPU
		{8C8C2E5B-9335-478C-82BF-B7CA76BA26B3}.Release|Any CPU.Build.0 = Release|Any CPU
		{134A3CEB-FD4B-4D71-99F7-302BCD8CD462}.Debug|Any CPU.ActiveCfg = Debug|Any CPU
		{134A3CEB-FD4B-4D71-99F7-302BCD8CD462}.Debug|Any CPU.Build.0 = Debug|Any CPU
		{134A3CEB-FD4B-4D71-99F7-302BCD8CD462}.Release|Any CPU.ActiveCfg = Release|Any CPU
		{134A3CEB-FD4B-4D71-99F7-302BCD8CD462}.Release|Any CPU.Build.0 = Release|Any CPU
	EndGlobalSection
	GlobalSection(SolutionProperties) = preSolution
		HideSolutionNode = FALSE
	EndGlobalSection
	GlobalSection(ExtensibilityGlobals) = postSolution
		SolutionGuid = {423F364C-5C58-46E0-8173-FB71C8E8169D}
	EndGlobalSection
EndGlobal
